PODS:
  - Firebase/Auth (4.13.0):
    - Firebase/Core
    - FirebaseAuth (= 4.6.1)
  - Firebase/Core (4.13.0):
    - FirebaseAnalytics (= 4.2.0)
    - FirebaseCore (= 4.0.20)
  - Firebase/Database (4.13.0):
    - Firebase/Core
    - FirebaseDatabase (= 4.1.5)
  - Firebase/Messaging (4.13.0):
    - Firebase/Core
    - FirebaseMessaging (= 2.2.0)
  - Firebase/Storage (4.13.0):
    - Firebase/Core
    - FirebaseStorage (= 2.2.0)
  - firebase_analytics (0.0.1):
    - Firebase/Core
    - Flutter
  - firebase_auth (0.0.1):
    - Firebase/Auth
    - Firebase/Core
    - Flutter
  - firebase_core (0.0.1):
    - Firebase/Core
    - Flutter
  - firebase_database (0.0.1):
    - Firebase/Database
    - Flutter
  - firebase_messaging (0.0.1):
    - Firebase/Core
    - Firebase/Messaging
    - Flutter
  - firebase_storage (0.0.1):
    - Firebase/Storage
    - Flutter
  - FirebaseAnalytics (4.2.0):
    - FirebaseCore (~> 4.0)
    - FirebaseInstanceID (~> 2.0)
    - "GoogleToolboxForMac/NSData+zlib (~> 2.1)"
    - nanopb (~> 0.3)
  - FirebaseAuth (4.6.1):
    - FirebaseAnalytics (~> 4.2)
    - "GoogleToolboxForMac/NSDictionary+URLArguments (~> 2.1)"
    - GTMSessionFetcher/Core (~> 1.1)
  - FirebaseCore (4.0.20):
    - "GoogleToolboxForMac/NSData+zlib (~> 2.1)"
  - FirebaseDatabase (4.1.5):
    - FirebaseAnalytics (~> 4.1)
    - FirebaseCore (~> 4.0)
    - leveldb-library (~> 1.18)
  - FirebaseInstanceID (2.0.10):
    - FirebaseCore (~> 4.0)
  - FirebaseMessaging (2.2.0):
    - FirebaseAnalytics (~> 4.1)
    - FirebaseCore (~> 4.0)
    - FirebaseInstanceID (~> 2.0)
    - GoogleToolboxForMac/Logger (~> 2.1)
    - Protobuf (~> 3.5)
  - FirebaseStorage (2.2.0):
    - FirebaseAnalytics (~> 4.1)
    - FirebaseCore (~> 4.0)
    - GTMSessionFetcher/Core (~> 1.1)
  - Flutter (1.0.0)
  - google_sign_in (0.0.1):
    - Flutter
    - GoogleSignIn (~> 4.0)
  - GoogleSignIn (4.1.2):
    - "GoogleToolboxForMac/NSDictionary+URLArguments (~> 2.1)"
    - "GoogleToolboxForMac/NSString+URLArguments (~> 2.1)"
    - GTMOAuth2 (~> 1.0)
    - GTMSessionFetcher/Core (~> 1.1)
  - GoogleToolboxForMac/DebugUtils (2.1.4):
    - GoogleToolboxForMac/Defines (= 2.1.4)
  - GoogleToolboxForMac/Defines (2.1.4)
  - GoogleToolboxForMac/Logger (2.1.4):
    - GoogleToolboxForMac/Defines (= 2.1.4)
  - "GoogleToolboxForMac/NSData+zlib (2.1.4)":
    - GoogleToolboxForMac/Defines (= 2.1.4)
  - "GoogleToolboxForMac/NSDictionary+URLArguments (2.1.4)":
    - GoogleToolboxForMac/DebugUtils (= 2.1.4)
    - GoogleToolboxForMac/Defines (= 2.1.4)
    - "GoogleToolboxForMac/NSString+URLArguments (= 2.1.4)"
  - "GoogleToolboxForMac/NSString+URLArguments (2.1.4)"
  - GTMOAuth2 (1.1.6):
    - GTMSessionFetcher (~> 1.1)
  - GTMSessionFetcher (1.1.15):
    - GTMSessionFetcher/Full (= 1.1.15)
  - GTMSessionFetcher/Core (1.1.15)
  - GTMSessionFetcher/Full (1.1.15):
    - GTMSessionFetcher/Core (= 1.1.15)
  - image_picker (0.0.1):
    - Flutter
  - leveldb-library (1.20)
  - nanopb (0.3.8):
    - nanopb/decode (= 0.3.8)
    - nanopb/encode (= 0.3.8)
  - nanopb/decode (0.3.8)
  - nanopb/encode (0.3.8)
  - Protobuf (3.5.0)

DEPENDENCIES:
  - Firebase/Core (~> 4.13.0)
  - firebase_analytics (from `Pods/.symlinks/plugins/firebase_analytics/ios`)
  - firebase_auth (from `Pods/.symlinks/plugins/firebase_auth/ios`)
  - firebase_core (from `Pods/.symlinks/plugins/firebase_core/ios`)
  - firebase_database (from `Pods/.symlinks/plugins/firebase_database/ios`)
  - firebase_messaging (from `Pods/.symlinks/plugins/firebase_messaging/ios`)
  - firebase_storage (from `Pods/.symlinks/plugins/firebase_storage/ios`)
  - Flutter (from `Pods/.symlinks/flutter/ios`)
  - google_sign_in (from `Pods/.symlinks/plugins/google_sign_in/ios`)
  - image_picker (from `Pods/.symlinks/plugins/image_picker/ios`)

SPEC REPOS:
  https://github.com/cocoapods/specs.git:
    - Firebase
    - FirebaseAnalytics
    - FirebaseAuth
    - FirebaseCore
    - FirebaseDatabase
    - FirebaseInstanceID
    - FirebaseMessaging
    - FirebaseStorage
    - GoogleSignIn
    - GoogleToolboxForMac
    - GTMOAuth2
    - GTMSessionFetcher
    - leveldb-library
    - nanopb
    - Protobuf

EXTERNAL SOURCES:
  firebase_analytics:
    :path: Pods/.symlinks/plugins/firebase_analytics/ios
  firebase_auth:
    :path: Pods/.symlinks/plugins/firebase_auth/ios
  firebase_core:
    :path: Pods/.symlinks/plugins/firebase_core/ios
  firebase_database:
    :path: Pods/.symlinks/plugins/firebase_database/ios
  firebase_messaging:
    :path: Pods/.symlinks/plugins/firebase_messaging/ios
  firebase_storage:
    :path: Pods/.symlinks/plugins/firebase_storage/ios
  Flutter:
    :path: Pods/.symlinks/flutter/ios
  google_sign_in:
    :path: Pods/.symlinks/plugins/google_sign_in/ios
  image_picker:
    :path: Pods/.symlinks/plugins/image_picker/ios

SPEC CHECKSUMS:
  Firebase: 5ec5e863d269d82d66b4bf56856726f8fb8f0fb3
  firebase_analytics: 7fa219488f2a781ca776bf72ecc66b6ac4511272
  firebase_auth: 6023fc2e28feabd6571d9a105b678cce7978be90
  firebase_core: ce5006bb48508ee4e71e0f429a3f519bb8ee2961
  firebase_database: b78d1e592c4f3cf826497dae722116a937aa99e0
  firebase_messaging: b25b2fa94e685146bcf9d706ed87b4e95cd2a17d
  firebase_storage: 6dbb71176c8a85e171184f8775606c566433026d
  FirebaseAnalytics: 7ef69e76a5142f643aeb47c780e1cdce4e23632e
  FirebaseAuth: bf22cacf22c60ab454bf2636f556d8892b10b53f
  FirebaseCore: 90cb1c53d69b556f112a1bf72b5fcfaad7650790
  FirebaseDatabase: 5f0bc6134c5c237cf55f9e1249d406770a75eafd
  FirebaseInstanceID: 8d20d890d65c917f9f7d9950b6e10a760ad34321
  FirebaseMessaging: 75cdb862e86c30e0913a2ff307e48d49357c5b73
  FirebaseStorage: 0c223481c8f89ed300cf1239ddd2d9833622c65f
  Flutter: 58dd7d1b27887414a370fcccb9e645c08ffd7a6a
  google_sign_in: 27e70a98b529f0b076d4b19f231b81da28b1750b
  GoogleSignIn: d9ef55b10f0aa401a5de2747f59b725e4b9732ac
  GoogleToolboxForMac: 91c824d21e85b31c2aae9bb011c5027c9b4e738f
  GTMOAuth2: e8b6512c896235149df975c41d9a36c868ab7fba
  GTMSessionFetcher: 5fa5b80fd20e439ef5f545fb2cb3ca6c6714caa2
  image_picker: a211f28b95a560433c00f5cd3773f4710a20404d
  leveldb-library: 08cba283675b7ed2d99629a4bc5fd052cd2bb6a5
  nanopb: 5601e6bca2dbf1ed831b519092ec110f66982ca3
  Protobuf: 8a9838fba8dae3389230e1b7f8c104aa32389c03

PODFILE CHECKSUM: dd1c0c2dd63e253cded2951056994739f27fb7cb

COCOAPODS: 1.6.1
