PODS:
  - Firebase/Auth (4.10.1):
    - Firebase/Core
    - FirebaseAuth (= 4.4.4)
  - Firebase/Core (4.10.1):
    - FirebaseAnalytics (= 4.1.0)
    - FirebaseCore (= 4.0.17)
  - Firebase/Database (4.10.1):
    - Firebase/Core
    - FirebaseDatabase (= 4.1.5)
  - Firebase/Storage (4.10.1):
    - Firebase/Core
    - FirebaseStorage (= 2.1.3)
  - firebase_analytics (0.0.1):
    - Firebase/Core
    - Flutter
  - firebase_auth (0.0.1):
    - Firebase/Auth
    - Firebase/Core
    - Flutter
  - firebase_core (0.0.1):
    - Firebase/Core
    - Flutter
  - firebase_database (0.0.1):
    - Firebase/Database
    - Flutter
  - firebase_storage (0.0.1):
    - Firebase/Storage
    - Flutter
  - FirebaseAnalytics (4.1.0):
    - FirebaseCore (~> 4.0)
    - FirebaseInstanceID (~> 2.0)
    - GoogleToolboxForMac/NSData+zlib (~> 2.1)
    - nanopb (~> 0.3)
  - FirebaseAuth (4.4.4):
    - FirebaseAnalytics (~> 4.1)
    - GoogleToolboxForMac/NSDictionary+URLArguments (~> 2.1)
    - GTMSessionFetcher/Core (~> 1.1)
  - FirebaseCore (4.0.17):
    - GoogleToolboxForMac/NSData+zlib (~> 2.1)
  - FirebaseDatabase (4.1.5):
    - FirebaseAnalytics (~> 4.1)
    - FirebaseCore (~> 4.0)
    - leveldb-library (~> 1.18)
  - FirebaseInstanceID (2.0.9):
    - FirebaseCore (~> 4.0)
  - FirebaseStorage (2.1.3):
    - FirebaseAnalytics (~> 4.1)
    - FirebaseCore (~> 4.0)
    - GTMSessionFetcher/Core (~> 1.1)
  - Flutter (1.0.0)
  - google_sign_in (0.0.1):
    - Flutter
    - GoogleSignIn (~> 4.0)
  - GoogleSignIn (4.1.2):
    - GoogleToolboxForMac/NSDictionary+URLArguments (~> 2.1)
    - GoogleToolboxForMac/NSString+URLArguments (~> 2.1)
    - GTMOAuth2 (~> 1.0)
    - GTMSessionFetcher/Core (~> 1.1)
  - GoogleToolboxForMac/DebugUtils (2.1.3):
    - GoogleToolboxForMac/Defines (= 2.1.3)
  - GoogleToolboxForMac/Defines (2.1.3)
  - GoogleToolboxForMac/NSData+zlib (2.1.3):
    - GoogleToolboxForMac/Defines (= 2.1.3)
  - GoogleToolboxForMac/NSDictionary+URLArguments (2.1.3):
    - GoogleToolboxForMac/DebugUtils (= 2.1.3)
    - GoogleToolboxForMac/Defines (= 2.1.3)
    - GoogleToolboxForMac/NSString+URLArguments (= 2.1.3)
  - GoogleToolboxForMac/NSString+URLArguments (2.1.3)
  - GTMOAuth2 (1.1.6):
    - GTMSessionFetcher (~> 1.1)
  - GTMSessionFetcher (1.1.14):
    - GTMSessionFetcher/Full (= 1.1.14)
  - GTMSessionFetcher/Core (1.1.14)
  - GTMSessionFetcher/Full (1.1.14):
    - GTMSessionFetcher/Core (= 1.1.14)
  - image_picker (0.0.1):
    - Flutter
  - leveldb-library (1.20)
  - nanopb (0.3.8):
    - nanopb/decode (= 0.3.8)
    - nanopb/encode (= 0.3.8)
  - nanopb/decode (0.3.8)
  - nanopb/encode (0.3.8)

DEPENDENCIES:
  - firebase_analytics (from `Pods/.symlinks/plugins/firebase_analytics-0.3.3/ios`)
  - firebase_auth (from `Pods/.symlinks/plugins/firebase_auth-0.5.5/ios`)
  - firebase_core (from `Pods/.symlinks/plugins/firebase_core-0.2.3/ios`)
  - firebase_database (from `Pods/.symlinks/plugins/firebase_database-0.4.6/ios`)
  - firebase_storage (from `Pods/.symlinks/plugins/firebase_storage-0.3.0/ios`)
  - Flutter (from `Pods/.symlinks/flutter/ios`)
  - google_sign_in (from `Pods/.symlinks/plugins/google_sign_in-3.0.2/ios`)
  - image_picker (from `Pods/.symlinks/plugins/image_picker-0.4.1/ios`)

EXTERNAL SOURCES:
  firebase_analytics:
    :path: Pods/.symlinks/plugins/firebase_analytics-0.3.3/ios
  firebase_auth:
    :path: Pods/.symlinks/plugins/firebase_auth-0.5.5/ios
  firebase_core:
    :path: Pods/.symlinks/plugins/firebase_core-0.2.3/ios
  firebase_database:
    :path: Pods/.symlinks/plugins/firebase_database-0.4.6/ios
  firebase_storage:
    :path: Pods/.symlinks/plugins/firebase_storage-0.3.0/ios
  Flutter:
    :path: Pods/.symlinks/flutter/ios
  google_sign_in:
    :path: Pods/.symlinks/plugins/google_sign_in-3.0.2/ios
  image_picker:
    :path: Pods/.symlinks/plugins/image_picker-0.4.1/ios

SPEC CHECKSUMS:
  Firebase: 92c6ba593e32db0defde464a9adc981d5cb49f97
  firebase_analytics: fcc60a9de4b8e07aa5af8941303a7f5fe6e0383f
  firebase_auth: 27a5a77a032d557c18f8e223aaf8ec1368f6cdbc
  firebase_core: c96aa8b2fcf7f5167d32f22034f502f9304952b8
  firebase_database: dd62ab9f71967c9011ce2fd03a89e762dcc364df
  firebase_storage: e34d30ff8bb57e691191b70e9d255ec2eba2351f
  FirebaseAnalytics: 3dfae28d4a5e06f86c4fae830efc2ad3fadb19bc
  FirebaseAuth: d040bb7a9db6dfc29d0e7ec82d48be51352b2581
  FirebaseCore: 872307b001bbefda1dfa0dbfffa50a6919023d4a
  FirebaseDatabase: 5f0bc6134c5c237cf55f9e1249d406770a75eafd
  FirebaseInstanceID: d2058a35e9bebda1b6dd42486b84917bde552a9d
  FirebaseStorage: 9a863a2bb96c406958eeff7c2f1dfa9f44c44a13
  Flutter: 9d0fac939486c9aba2809b7982dfdbb47a7b0296
  google_sign_in: cbeb57b96679823d14df6b2240b629b983a42d79
  GoogleSignIn: d9ef55b10f0aa401a5de2747f59b725e4b9732ac
  GoogleToolboxForMac: 2501e2ad72a52eb3dfe7bd9aee7dad11b858bd20
  GTMOAuth2: c77fe325e4acd453837e72d91e3b5f13116857b2
  GTMSessionFetcher: 390ea358e5a0d0133153806f744662dad933d06b
  image_picker: ee00aab0487cedc80a304085219503cc6d0f2e22
  leveldb-library: 08cba283675b7ed2d99629a4bc5fd052cd2bb6a5
  nanopb: 5601e6bca2dbf1ed831b519092ec110f66982ca3

PODFILE CHECKSUM: 70e69985f01fdaffe3180d3ae5e73472304a9371

COCOAPODS: 1.4.0
